
Microsoft Visual Studio Solution File, Format Version 12.00
# Visual Studio Version 16
VisualStudioVersion = 16.0.29920.165
MinimumVisualStudioVersion = 10.0.40219.1
Project("{FAE04EC0-301F-11D3-BF4B-00C04F79EFBC}") = "Black-Ops-II-Menu-Generator", "Black-Ops-II-Menu-Generator\Black-Ops-II-Menu-Generator.csproj", "{6A576C06-E732-4CB4-97FF-CCD941B9669D}"
EndProject
Global
	GlobalSection(SolutionConfigurationPlatforms) = preSolution
		Debug|Any CPU = Debug|Any CPU
		Release|Any CPU = Release|Any CPU
	EndGlobalSection
	GlobalSection(ProjectConfigurationPlatforms) = postSolution
		{6A576C06-E732-4CB4-97FF-CCD941B9669D}.Debug|Any CPU.ActiveCfg = Debug|Any CPU
		{6A576C06-E732-4CB4-97FF-CCD941B9669D}.Debug|Any CPU.Build.0 = Debug|Any CPU
		{6A576C06-E732-4CB4-97FF-CCD941B9669D}.Release|Any CPU.ActiveCfg = Release|Any CPU
		{6A576C06-E732-4CB4-97FF-CCD941B9669D}.Release|Any CPU.Build.0 = Release|Any CPU
	EndGlobalSection
	GlobalSection(SolutionProperties) = preSolution
		HideSolutionNode = FALSE
	EndGlobalSection
	GlobalSection(ExtensibilityGlobals) = postSolution
		SolutionGuid = {54CE60B9-B0BE-4080-ABFA-D6554A196BB6}
	EndGlobalSection
EndGlobal
